
Microsoft Visual Studio Solution File, Format Version 12.00
# Visual Studio Version 17
VisualStudioVersion = 17.5.33516.290
MinimumVisualStudioVersion = 10.0.40219.1
Project("{9A19103F-16F7-4668-BE54-9A1E7A4F7556}") = "EmployeeCRUD.Server", "EmployeeCRUD\Server\EmployeeCRUD.Server.csproj", "{A95E6545-5094-466B-B90A-6007CDC6F2B6}"
EndProject
Project("{9A19103F-16F7-4668-BE54-9A1E7A4F7556}") = "EmployeeCRUD.Client", "EmployeeCRUD\Client\EmployeeCRUD.Client.csproj", "{D510011B-0EA4-4A3A-A88B-B485D93C828E}"
EndProject
Project("{9A19103F-16F7-4668-BE54-9A1E7A4F7556}") = "EmployeeCRUD.Shared", "EmployeeCRUD\Shared\EmployeeCRUD.Shared.csproj", "{3D723688-A742-46A3-8785-3CBDDBBEAE10}"
EndProject
Global
	GlobalSection(SolutionConfigurationPlatforms) = preSolution
		Debug|Any CPU = Debug|Any CPU
		Release|Any CPU = Release|Any CPU
	EndGlobalSection
	GlobalSection(ProjectConfigurationPlatforms) = postSolution
		{A95E6545-5094-466B-B90A-6007CDC6F2B6}.Debug|Any CPU.ActiveCfg = Debug|Any CPU
		{A95E6545-5094-466B-B90A-6007CDC6F2B6}.Debug|Any CPU.Build.0 = Debug|Any CPU
		{A95E6545-5094-466B-B90A-6007CDC6F2B6}.Release|Any CPU.ActiveCfg = Release|Any CPU
		{A95E6545-5094-466B-B90A-6007CDC6F2B6}.Release|Any CPU.Build.0 = Release|Any CPU
		{D510011B-0EA4-4A3A-A88B-B485D93C828E}.Debug|Any CPU.ActiveCfg = Debug|Any CPU
		{D510011B-0EA4-4A3A-A88B-B485D93C828E}.Debug|Any CPU.Build.0 = Debug|Any CPU
		{D510011B-0EA4-4A3A-A88B-B485D93C828E}.Release|Any CPU.ActiveCfg = Release|Any CPU
		{D510011B-0EA4-4A3A-A88B-B485D93C828E}.Release|Any CPU.Build.0 = Release|Any CPU
		{3D723688-A742-46A3-8785-3CBDDBBEAE10}.Debug|Any CPU.ActiveCfg = Debug|Any CPU
		{3D723688-A742-46A3-8785-3CBDDBBEAE10}.Debug|Any CPU.Build.0 = Debug|Any CPU
		{3D723688-A742-46A3-8785-3CBDDBBEAE10}.Release|Any CPU.ActiveCfg = Release|Any CPU
		{3D723688-A742-46A3-8785-3CBDDBBEAE10}.Release|Any CPU.Build.0 = Release|Any CPU
	EndGlobalSection
	GlobalSection(SolutionProperties) = preSolution
		HideSolutionNode = FALSE
	EndGlobalSection
	GlobalSection(ExtensibilityGlobals) = postSolution
		SolutionGuid = {58497F9A-B256-4D20-8A5B-E8501F86C8A2}
	EndGlobalSection
EndGlobal
